
Microsoft Visual Studio Solution File, Format Version 12.00
# Visual Studio 15
VisualStudioVersion = 15.0.28307.645
MinimumVisualStudioVersion = 10.0.40219.1
Project("{FAE04EC0-301F-11D3-BF4B-00C04F79EFBC}") = "MVCExample", "MVCExample\MVCExample.csproj", "{190BC975-2DD6-4D60-B3BF-D5943F1CADFE}"
EndProject
Global
	GlobalSection(SolutionConfigurationPlatforms) = preSolution
		Debug|Any CPU = Debug|Any CPU
		Release|Any CPU = Release|Any CPU
	EndGlobalSection
	GlobalSection(ProjectConfigurationPlatforms) = postSolution
		{190BC975-2DD6-4D60-B3BF-D5943F1CADFE}.Debug|Any CPU.ActiveCfg = Debug|Any CPU
		{190BC975-2DD6-4D60-B3BF-D5943F1CADFE}.Debug|Any CPU.Build.0 = Debug|Any CPU
		{190BC975-2DD6-4D60-B3BF-D5943F1CADFE}.Release|Any CPU.ActiveCfg = Release|Any CPU
		{190BC975-2DD6-4D60-B3BF-D5943F1CADFE}.Release|Any CPU.Build.0 = Release|Any CPU
	EndGlobalSection
	GlobalSection(SolutionProperties) = preSolution
		HideSolutionNode = FALSE
	EndGlobalSection
	GlobalSection(ExtensibilityGlobals) = postSolution
		SolutionGuid = {22ED2A94-11B7-40D3-BD13-FD9CF590C30B}
	EndGlobalSection
EndGlobal
