
Microsoft Visual Studio Solution File, Format Version 12.00
# Visual Studio 15
VisualStudioVersion = 15.0.28307.645
MinimumVisualStudioVersion = 10.0.40219.1
Project("{FAE04EC0-301F-11D3-BF4B-00C04F79EFBC}") = "ThreadExample", "ThreadExample\ThreadExample.csproj", "{0E9073AF-26AA-436D-811A-A1FABCBE8586}"
EndProject
Project("{FAE04EC0-301F-11D3-BF4B-00C04F79EFBC}") = "EventHandlingPractice", "EventHandlingPractice\EventHandlingPractice.csproj", "{9B84CA41-0EED-4F37-8CE0-F76C8BC63A90}"
EndProject
Global
	GlobalSection(SolutionConfigurationPlatforms) = preSolution
		Debug|Any CPU = Debug|Any CPU
		Release|Any CPU = Release|Any CPU
	EndGlobalSection
	GlobalSection(ProjectConfigurationPlatforms) = postSolution
		{0E9073AF-26AA-436D-811A-A1FABCBE8586}.Debug|Any CPU.ActiveCfg = Debug|Any CPU
		{0E9073AF-26AA-436D-811A-A1FABCBE8586}.Debug|Any CPU.Build.0 = Debug|Any CPU
		{0E9073AF-26AA-436D-811A-A1FABCBE8586}.Release|Any CPU.ActiveCfg = Release|Any CPU
		{0E9073AF-26AA-436D-811A-A1FABCBE8586}.Release|Any CPU.Build.0 = Release|Any CPU
		{9B84CA41-0EED-4F37-8CE0-F76C8BC63A90}.Debug|Any CPU.ActiveCfg = Debug|Any CPU
		{9B84CA41-0EED-4F37-8CE0-F76C8BC63A90}.Debug|Any CPU.Build.0 = Debug|Any CPU
		{9B84CA41-0EED-4F37-8CE0-F76C8BC63A90}.Release|Any CPU.ActiveCfg = Release|Any CPU
		{9B84CA41-0EED-4F37-8CE0-F76C8BC63A90}.Release|Any CPU.Build.0 = Release|Any CPU
	EndGlobalSection
	GlobalSection(SolutionProperties) = preSolution
		HideSolutionNode = FALSE
	EndGlobalSection
	GlobalSection(ExtensibilityGlobals) = postSolution
		SolutionGuid = {873CFB8E-7AEF-463D-A7EC-BC0E4F42E9F5}
	EndGlobalSection
EndGlobal
