
Microsoft Visual Studio Solution File, Format Version 12.00
# Visual Studio 15
VisualStudioVersion = 15.0.28307.645
MinimumVisualStudioVersion = 10.0.40219.1
Project("{FAE04EC0-301F-11D3-BF4B-00C04F79EFBC}") = "StudentWebService", "StudentWebService\StudentWebService.csproj", "{0C6D8500-E69B-42D8-A974-1057A42486DD}"
EndProject
Project("{FAE04EC0-301F-11D3-BF4B-00C04F79EFBC}") = "StudentServiceClient", "StudentServiceClient\StudentServiceClient.csproj", "{B62F2B0A-43B7-4420-8554-2CE68D5F9C49}"
EndProject
Global
	GlobalSection(SolutionConfigurationPlatforms) = preSolution
		Debug|Any CPU = Debug|Any CPU
		Release|Any CPU = Release|Any CPU
	EndGlobalSection
	GlobalSection(ProjectConfigurationPlatforms) = postSolution
		{0C6D8500-E69B-42D8-A974-1057A42486DD}.Debug|Any CPU.ActiveCfg = Debug|Any CPU
		{0C6D8500-E69B-42D8-A974-1057A42486DD}.Debug|Any CPU.Build.0 = Debug|Any CPU
		{0C6D8500-E69B-42D8-A974-1057A42486DD}.Release|Any CPU.ActiveCfg = Release|Any CPU
		{0C6D8500-E69B-42D8-A974-1057A42486DD}.Release|Any CPU.Build.0 = Release|Any CPU
		{B62F2B0A-43B7-4420-8554-2CE68D5F9C49}.Debug|Any CPU.ActiveCfg = Debug|Any CPU
		{B62F2B0A-43B7-4420-8554-2CE68D5F9C49}.Debug|Any CPU.Build.0 = Debug|Any CPU
		{B62F2B0A-43B7-4420-8554-2CE68D5F9C49}.Release|Any CPU.ActiveCfg = Release|Any CPU
		{B62F2B0A-43B7-4420-8554-2CE68D5F9C49}.Release|Any CPU.Build.0 = Release|Any CPU
	EndGlobalSection
	GlobalSection(SolutionProperties) = preSolution
		HideSolutionNode = FALSE
	EndGlobalSection
	GlobalSection(ExtensibilityGlobals) = postSolution
		SolutionGuid = {E89B1D03-4336-4185-A3C9-624A728F2AE4}
	EndGlobalSection
EndGlobal
